
Microsoft Visual Studio Solution File, Format Version 12.00
# Visual Studio Version 17
VisualStudioVersion = 17.11.35222.181
MinimumVisualStudioVersion = 10.0.40219.1
Project("{FAE04EC0-301F-11D3-BF4B-00C04F79EFBC}") = "autoszerviz", "autoszerviz\autoszerviz.csproj", "{AE42EF77-08BB-4760-82A7-5C673FBC5F17}"
EndProject
Global
	GlobalSection(SolutionConfigurationPlatforms) = preSolution
		Debug|Any CPU = Debug|Any CPU
		Release|Any CPU = Release|Any CPU
	EndGlobalSection
	GlobalSection(ProjectConfigurationPlatforms) = postSolution
		{AE42EF77-08BB-4760-82A7-5C673FBC5F17}.Debug|Any CPU.ActiveCfg = Debug|Any CPU
		{AE42EF77-08BB-4760-82A7-5C673FBC5F17}.Debug|Any CPU.Build.0 = Debug|Any CPU
		{AE42EF77-08BB-4760-82A7-5C673FBC5F17}.Release|Any CPU.ActiveCfg = Release|Any CPU
		{AE42EF77-08BB-4760-82A7-5C673FBC5F17}.Release|Any CPU.Build.0 = Release|Any CPU
	EndGlobalSection
	GlobalSection(SolutionProperties) = preSolution
		HideSolutionNode = FALSE
	EndGlobalSection
	GlobalSection(ExtensibilityGlobals) = postSolution
		SolutionGuid = {E3B0E5F3-A1FB-4B87-A632-E5629EDB89E5}
	EndGlobalSection
EndGlobal
